
Microsoft Visual Studio Solution File, Format Version 12.00
# Visual Studio Version 17
VisualStudioVersion = 17.3.32929.385
MinimumVisualStudioVersion = 10.0.40219.1
Project("{9A19103F-16F7-4668-BE54-9A1E7A4F7556}") = "Stage0", "Stage0\Stage0.csproj", "{F4B8B64D-EC30-48AD-B188-F49B3D48DC5B}"
EndProject
Project("{2150E333-8FDC-42A3-9474-1A3956D46DE8}") = "Solution Items", "Solution Items", "{C865E27E-D884-45C7-BF4A-AC68788112D0}"
	ProjectSection(SolutionItems) = preProject
		README.md = README.md
	EndProjectSection
EndProject
Project("{FAE04EC0-301F-11D3-BF4B-00C04F79EFBC}") = "DalFacade", "DalFacade\DalFacade.csproj", "{D9703953-C525-4C6C-A207-D999B06E614E}"
EndProject
Project("{FAE04EC0-301F-11D3-BF4B-00C04F79EFBC}") = "DalList", "DalList\DalList.csproj", "{31ACD42E-1699-4313-97C6-38B107AB7383}"
EndProject
Project("{FAE04EC0-301F-11D3-BF4B-00C04F79EFBC}") = "DalTest", "DalTest\DalTest.csproj", "{06D76598-6964-48EF-ADBF-958A4DDC8E7F}"
EndProject
Global
	GlobalSection(SolutionConfigurationPlatforms) = preSolution
		Debug|Any CPU = Debug|Any CPU
		Release|Any CPU = Release|Any CPU
	EndGlobalSection
	GlobalSection(ProjectConfigurationPlatforms) = postSolution
		{F4B8B64D-EC30-48AD-B188-F49B3D48DC5B}.Debug|Any CPU.ActiveCfg = Debug|Any CPU
		{F4B8B64D-EC30-48AD-B188-F49B3D48DC5B}.Debug|Any CPU.Build.0 = Debug|Any CPU
		{F4B8B64D-EC30-48AD-B188-F49B3D48DC5B}.Release|Any CPU.ActiveCfg = Release|Any CPU
		{F4B8B64D-EC30-48AD-B188-F49B3D48DC5B}.Release|Any CPU.Build.0 = Release|Any CPU
		{D9703953-C525-4C6C-A207-D999B06E614E}.Debug|Any CPU.ActiveCfg = Debug|Any CPU
		{D9703953-C525-4C6C-A207-D999B06E614E}.Debug|Any CPU.Build.0 = Debug|Any CPU
		{D9703953-C525-4C6C-A207-D999B06E614E}.Release|Any CPU.ActiveCfg = Release|Any CPU
		{D9703953-C525-4C6C-A207-D999B06E614E}.Release|Any CPU.Build.0 = Release|Any CPU
		{31ACD42E-1699-4313-97C6-38B107AB7383}.Debug|Any CPU.ActiveCfg = Debug|Any CPU
		{31ACD42E-1699-4313-97C6-38B107AB7383}.Debug|Any CPU.Build.0 = Debug|Any CPU
		{31ACD42E-1699-4313-97C6-38B107AB7383}.Release|Any CPU.ActiveCfg = Release|Any CPU
		{31ACD42E-1699-4313-97C6-38B107AB7383}.Release|Any CPU.Build.0 = Release|Any CPU
		{06D76598-6964-48EF-ADBF-958A4DDC8E7F}.Debug|Any CPU.ActiveCfg = Debug|Any CPU
		{06D76598-6964-48EF-ADBF-958A4DDC8E7F}.Debug|Any CPU.Build.0 = Debug|Any CPU
		{06D76598-6964-48EF-ADBF-958A4DDC8E7F}.Release|Any CPU.ActiveCfg = Release|Any CPU
		{06D76598-6964-48EF-ADBF-958A4DDC8E7F}.Release|Any CPU.Build.0 = Release|Any CPU
	EndGlobalSection
	GlobalSection(SolutionProperties) = preSolution
		HideSolutionNode = FALSE
	EndGlobalSection
	GlobalSection(ExtensibilityGlobals) = postSolution
		SolutionGuid = {B3104A79-D2F9-47D3-9D84-ED7B4AE268C6}
	EndGlobalSection
EndGlobal
